// !$*UTF8*$!
{
	archiveVersion = 1;
	classes = {
	};
	objectVersion = 77;
	objects = {

/* Begin PBXBuildFile section */
		D3627A732E9444FC003F8CAF /* LoadingOverlay.swift in Sources */ = {isa = PBXBuildFile; fileRef = D3627A722E9444FC003F8CAF /* LoadingOverlay.swift */; };
		D3627A752E944504003F8CAF /* ImageGenerationManager.swift in Sources */ = {isa = PBXBuildFile; fileRef = D3627A742E944504003F8CAF /* ImageGenerationManager.swift */; };
		D3627A772E94450C003F8CAF /* PDFSanitizer.swift in Sources */ = {isa = PBXBuildFile; fileRef = D3627A762E94450C003F8CAF /* PDFSanitizer.swift */; };
		D3627A792E944517003F8CAF /* PDFUploadHelper.swift in Sources */ = {isa = PBXBuildFile; fileRef = D3627A782E944517003F8CAF /* PDFUploadHelper.swift */; };
		D36952732E951CB000FD32A1 /* LocalActionManager.swift in Sources */ = {isa = PBXBuildFile; fileRef = D36952722E951CB000FD32A1 /* LocalActionManager.swift */; };
		D36952752E951D7B00FD32A1 /* LocalActionManager 2.swift in Sources */ = {isa = PBXBuildFile; fileRef = D36952742E951D7B00FD32A1 /* LocalActionManager 2.swift */; };
		D3C08C1D2E9BDA5A00304116 /* NotificationHandler.swift in Sources */ = {isa = PBXBuildFile; fileRef = D3C08C1C2E9BDA5A00304116 /* NotificationHandler.swift */; };
/* End PBXBuildFile section */

/* Begin PBXContainerItemProxy section */
		D33ECFB72E8EF65D007C038B /* PBXContainerItemProxy */ = {
			isa = PBXContainerItemProxy;
			containerPortal = D33ECFA12E8EF65C007C038B /* Project object */;
			proxyType = 1;
			remoteGlobalIDString = D33ECFA82E8EF65C007C038B;
			remoteInfo = "chatgpt app for iphone";
		};
		D33ECFC12E8EF65D007C038B /* PBXContainerItemProxy */ = {
			isa = PBXContainerItemProxy;
			containerPortal = D33ECFA12E8EF65C007C038B /* Project object */;
			proxyType = 1;
			remoteGlobalIDString = D33ECFA82E8EF65C007C038B;
			remoteInfo = "chatgpt app for iphone";
		};
/* End PBXContainerItemProxy section */

/* Begin PBXFileReference section */
		D33ECFA92E8EF65C007C038B /* chatgpt app for iphone.app */ = {isa = PBXFileReference; explicitFileType = wrapper.application; includeInIndex = 0; path = "chatgpt app for iphone.app"; sourceTree = BUILT_PRODUCTS_DIR; };
		D33ECFB62E8EF65D007C038B /* chatgpt app for iphoneTests.xctest */ = {isa = PBXFileReference; explicitFileType = wrapper.cfbundle; includeInIndex = 0; path = "chatgpt app for iphoneTests.xctest"; sourceTree = BUILT_PRODUCTS_DIR; };
		D33ECFC02E8EF65D007C038B /* chatgpt app for iphoneUITests.xctest */ = {isa = PBXFileReference; explicitFileType = wrapper.cfbundle; includeInIndex = 0; path = "chatgpt app for iphoneUITests.xctest"; sourceTree = BUILT_PRODUCTS_DIR; };
		D3627A722E9444FC003F8CAF /* LoadingOverlay.swift */ = {isa = PBXFileReference; lastKnownFileType = sourcecode.swift; path = LoadingOverlay.swift; sourceTree = "<group>"; };
		D3627A742E944504003F8CAF /* ImageGenerationManager.swift */ = {isa = PBXFileReference; lastKnownFileType = sourcecode.swift; path = ImageGenerationManager.swift; sourceTree = "<group>"; };
		D3627A762E94450C003F8CAF /* PDFSanitizer.swift */ = {isa = PBXFileReference; lastKnownFileType = sourcecode.swift; path = PDFSanitizer.swift; sourceTree = "<group>"; };
		D3627A782E944517003F8CAF /* PDFUploadHelper.swift */ = {isa = PBXFileReference; lastKnownFileType = sourcecode.swift; path = PDFUploadHelper.swift; sourceTree = "<group>"; };
		D36952722E951CB000FD32A1 /* LocalActionManager.swift */ = {isa = PBXFileReference; lastKnownFileType = sourcecode.swift; path = LocalActionManager.swift; sourceTree = "<group>"; };
		D36952742E951D7B00FD32A1 /* LocalActionManager 2.swift */ = {isa = PBXFileReference; lastKnownFileType = sourcecode.swift; path = "LocalActionManager 2.swift"; sourceTree = "<group>"; };
		D3C08C1C2E9BDA5A00304116 /* NotificationHandler.swift */ = {isa = PBXFileReference; lastKnownFileType = sourcecode.swift; path = NotificationHandler.swift; sourceTree = "<group>"; };
/* End PBXFileReference section */

/* Begin PBXFileSystemSynchronizedBuildFileExceptionSet section */
		D3C08C172E9BBD8200304116 /* Exceptions for "chatgpt app for iphone" folder in "chatgpt app for iphone" target */ = {
			isa = PBXFileSystemSynchronizedBuildFileExceptionSet;
			membershipExceptions = (
				Info.plist,
			);
			target = D33ECFA82E8EF65C007C038B /* chatgpt app for iphone */;
		};
/* End PBXFileSystemSynchronizedBuildFileExceptionSet section */

/* Begin PBXFileSystemSynchronizedRootGroup section */
		D33ECFAB2E8EF65C007C038B /* chatgpt app for iphone */ = {
			isa = PBXFileSystemSynchronizedRootGroup;
			exceptions = (
				D3C08C172E9BBD8200304116 /* Exceptions for "chatgpt app for iphone" folder in "chatgpt app for iphone" target */,
			);
			path = "chatgpt app for iphone";
			sourceTree = "<group>";
		};
/* End PBXFileSystemSynchronizedRootGroup section */

/* Begin PBXFrameworksBuildPhase section */
		D33ECFA62E8EF65C007C038B /* Frameworks */ = {
			isa = PBXFrameworksBuildPhase;
			buildActionMask = 2147483647;
			files = (
			);
			runOnlyForDeploymentPostprocessing = 0;
		};
		D33ECFB32E8EF65D007C038B /* Frameworks */ = {
			isa = PBXFrameworksBuildPhase;
			buildActionMask = 2147483647;
			files = (
			);
			runOnlyForDeploymentPostprocessing = 0;
		};
		D33ECFBD2E8EF65D007C038B /* Frameworks */ = {
			isa = PBXFrameworksBuildPhase;
			buildActionMask = 2147483647;
			files = (
			);
			runOnlyForDeploymentPostprocessing = 0;
		};
/* End PBXFrameworksBuildPhase section */

/* Begin PBXGroup section */
		D33ECFA02E8EF65C007C038B = {
			isa = PBXGroup;
			children = (
				D33ECFAB2E8EF65C007C038B /* chatgpt app for iphone */,
				D33ECFAA2E8EF65C007C038B /* Products */,
				D3627A722E9444FC003F8CAF /* LoadingOverlay.swift */,
				D3627A742E944504003F8CAF /* ImageGenerationManager.swift */,
				D3627A762E94450C003F8CAF /* PDFSanitizer.swift */,
				D3627A782E944517003F8CAF /* PDFUploadHelper.swift */,
				D36952722E951CB000FD32A1 /* LocalActionManager.swift */,
				D36952742E951D7B00FD32A1 /* LocalActionManager 2.swift */,
				D3C08C1C2E9BDA5A00304116 /* NotificationHandler.swift */,
			);
			sourceTree = "<group>";
		};
		D33ECFAA2E8EF65C007C038B /* Products */ = {
			isa = PBXGroup;
			children = (
				D33ECFA92E8EF65C007C038B /* chatgpt app for iphone.app */,
				D33ECFB62E8EF65D007C038B /* chatgpt app for iphoneTests.xctest */,
				D33ECFC02E8EF65D007C038B /* chatgpt app for iphoneUITests.xctest */,
			);
			name = Products;
			sourceTree = "<group>";
		};
/* End PBXGroup section */

/* Begin PBXNativeTarget section */
		D33ECFA82E8EF65C007C038B /* chatgpt app for iphone */ = {
			isa = PBXNativeTarget;
			buildConfigurationList = D33ECFCA2E8EF65D007C038B /* Build configuration list for PBXNativeTarget "chatgpt app for iphone" */;
			buildPhases = (
				D33ECFA52E8EF65C007C038B /* Sources */,
				D33ECFA62E8EF65C007C038B /* Frameworks */,
				D33ECFA72E8EF65C007C038B /* Resources */,
			);
			buildRules = (
			);
			dependencies = (
			);
			fileSystemSynchronizedGroups = (
				D33ECFAB2E8EF65C007C038B /* chatgpt app for iphone */,
			);
			name = "chatgpt app for iphone";
			packageProductDependencies = (
			);
			productName = "chatgpt app for iphone";
			productReference = D33ECFA92E8EF65C007C038B /* chatgpt app for iphone.app */;
			productType = "com.apple.product-type.application";
		};
		D33ECFB52E8EF65D007C038B /* chatgpt app for iphoneTests */ = {
			isa = PBXNativeTarget;
			buildConfigurationList = D33ECFCD2E8EF65D007C038B /* Build configuration list for PBXNativeTarget "chatgpt app for iphoneTests" */;
			buildPhases = (
				D33ECFB22E8EF65D007C038B /* Sources */,
				D33ECFB32E8EF65D007C038B /* Frameworks */,
				D33ECFB42E8EF65D007C038B /* Resources */,
			);
			buildRules = (
			);
			dependencies = (
				D33ECFB82E8EF65D007C038B /* PBXTargetDependency */,
			);
			name = "chatgpt app for iphoneTests";
			packageProductDependencies = (
			);
			productName = "chatgpt app for iphoneTests";
			productReference = D33ECFB62E8EF65D007C038B /* chatgpt app for iphoneTests.xctest */;
			productType = "com.apple.product-type.bundle.unit-test";
		};
		D33ECFBF2E8EF65D007C038B /* chatgpt app for iphoneUITests */ = {
			isa = PBXNativeTarget;
			buildConfigurationList = D33ECFD02E8EF65D007C038B /* Build configuration list for PBXNativeTarget "chatgpt app for iphoneUITests" */;
			buildPhases = (
				D33ECFBC2E8EF65D007C038B /* Sources */,
				D33ECFBD2E8EF65D007C038B /* Frameworks */,
				D33ECFBE2E8EF65D007C038B /* Resources */,
			);
			buildRules = (
			);
			dependencies = (
				D33ECFC22E8EF65D007C038B /* PBXTargetDependency */,
			);
			name = "chatgpt app for iphoneUITests";
			packageProductDependencies = (
			);
			productName = "chatgpt app for iphoneUITests";
			productReference = D33ECFC02E8EF65D007C038B /* chatgpt app for iphoneUITests.xctest */;
			productType = "com.apple.product-type.bundle.ui-testing";
		};
/* End PBXNativeTarget section */

/* Begin PBXProject section */
		D33ECFA12E8EF65C007C038B /* Project object */ = {
			isa = PBXProject;
			attributes = {
				BuildIndependentTargetsInParallel = 1;
				LastSwiftUpdateCheck = 2600;
				LastUpgradeCheck = 2600;
				TargetAttributes = {
					D33ECFA82E8EF65C007C038B = {
						CreatedOnToolsVersion = 26.0.1;
						LastSwiftMigration = 2600;
					};
					D33ECFB52E8EF65D007C038B = {
						CreatedOnToolsVersion = 26.0.1;
						TestTargetID = D33ECFA82E8EF65C007C038B;
					};
					D33ECFBF2E8EF65D007C038B = {
						CreatedOnToolsVersion = 26.0.1;
						TestTargetID = D33ECFA82E8EF65C007C038B;
					};
				};
			};
			buildConfigurationList = D33ECFA42E8EF65C007C038B /* Build configuration list for PBXProject "chatgpt app for iphone" */;
			developmentRegion = en;
			hasScannedForEncodings = 0;
			knownRegions = (
				en,
				Base,
			);
			mainGroup = D33ECFA02E8EF65C007C038B;
			minimizedProjectReferenceProxies = 1;
			preferredProjectObjectVersion = 77;
			productRefGroup = D33ECFAA2E8EF65C007C038B /* Products */;
			projectDirPath = "";
			projectRoot = "";
			targets = (
				D33ECFA82E8EF65C007C038B /* chatgpt app for iphone */,
				D33ECFB52E8EF65D007C038B /* chatgpt app for iphoneTests */,
				D33ECFBF2E8EF65D007C038B /* chatgpt app for iphoneUITests */,
			);
		};
/* End PBXProject section */

/* Begin PBXResourcesBuildPhase section */
		D33ECFA72E8EF65C007C038B /* Resources */ = {
			isa = PBXResourcesBuildPhase;
			buildActionMask = 2147483647;
			files = (
			);
			runOnlyForDeploymentPostprocessing = 0;
		};
		D33ECFB42E8EF65D007C038B /* Resources */ = {
			isa = PBXResourcesBuildPhase;
			buildActionMask = 2147483647;
			files = (
			);
			runOnlyForDeploymentPostprocessing = 0;
		};
		D33ECFBE2E8EF65D007C038B /* Resources */ = {
			isa = PBXResourcesBuildPhase;
			buildActionMask = 2147483647;
			files = (
			);
			runOnlyForDeploymentPostprocessing = 0;
		};
/* End PBXResourcesBuildPhase section */

/* Begin PBXSourcesBuildPhase section */
		D33ECFA52E8EF65C007C038B /* Sources */ = {
			isa = PBXSourcesBuildPhase;
			buildActionMask = 2147483647;
			files = (
				D3627A792E944517003F8CAF /* PDFUploadHelper.swift in Sources */,
				D3627A732E9444FC003F8CAF /* LoadingOverlay.swift in Sources */,
				D3627A752E944504003F8CAF /* ImageGenerationManager.swift in Sources */,
				D36952732E951CB000FD32A1 /* LocalActionManager.swift in Sources */,
				D3C08C1D2E9BDA5A00304116 /* NotificationHandler.swift in Sources */,
				D3627A772E94450C003F8CAF /* PDFSanitizer.swift in Sources */,
				D36952752E951D7B00FD32A1 /* LocalActionManager 2.swift in Sources */,
			);
			runOnlyForDeploymentPostprocessing = 0;
		};
		D33ECFB22E8EF65D007C038B /* Sources */ = {
			isa = PBXSourcesBuildPhase;
			buildActionMask = 2147483647;
			files = (
			);
			runOnlyForDeploymentPostprocessing = 0;
		};
		D33ECFBC2E8EF65D007C038B /* Sources */ = {
			isa = PBXSourcesBuildPhase;
			buildActionMask = 2147483647;
			files = (
			);
			runOnlyForDeploymentPostprocessing = 0;
		};
/* End PBXSourcesBuildPhase section */

/* Begin PBXTargetDependency section */
		D33ECFB82E8EF65D007C038B /* PBXTargetDependency */ = {
			isa = PBXTargetDependency;
			target = D33ECFA82E8EF65C007C038B /* chatgpt app for iphone */;
			targetProxy = D33ECFB72E8EF65D007C038B /* PBXContainerItemProxy */;
		};
		D33ECFC22E8EF65D007C038B /* PBXTargetDependency */ = {
			isa = PBXTargetDependency;
			target = D33ECFA82E8EF65C007C038B /* chatgpt app for iphone */;
			targetProxy = D33ECFC12E8EF65D007C038B /* PBXContainerItemProxy */;
		};
/* End PBXTargetDependency section */

/* Begin XCBuildConfiguration section */
		D33ECFC82E8EF65D007C038B /* Debug */ = {
			isa = XCBuildConfiguration;
			buildSettings = {
				ALWAYS_SEARCH_USER_PATHS = NO;
				ASSETCATALOG_COMPILER_GENERATE_SWIFT_ASSET_SYMBOL_EXTENSIONS = YES;
				CLANG_ANALYZER_NONNULL = YES;
				CLANG_ANALYZER_NUMBER_OBJECT_CONVERSION = YES_AGGRESSIVE;
				CLANG_CXX_LANGUAGE_STANDARD = "gnu++20";
				CLANG_ENABLE_MODULES = YES;
				CLANG_ENABLE_OBJC_ARC = YES;
				CLANG_ENABLE_OBJC_WEAK = YES;
				CLANG_WARN_BLOCK_CAPTURE_AUTORELEASING = YES;
				CLANG_WARN_BOOL_CONVERSION = YES;
				CLANG_WARN_COMMA = YES;
				CLANG_WARN_CONSTANT_CONVERSION = YES;
				CLANG_WARN_DEPRECATED_OBJC_IMPLEMENTATIONS = YES;
				CLANG_WARN_DIRECT_OBJC_ISA_USAGE = YES_ERROR;
				CLANG_WARN_DOCUMENTATION_COMMENTS = YES;
				CLANG_WARN_EMPTY_BODY = YES;
				CLANG_WARN_ENUM_CONVERSION = YES;
				CLANG_WARN_INFINITE_RECURSION = YES;
				CLANG_WARN_INT_CONVERSION = YES;
				CLANG_WARN_NON_LITERAL_NULL_CONVERSION = YES;
				CLANG_WARN_OBJC_IMPLICIT_RETAIN_SELF = YES;
				CLANG_WARN_OBJC_LITERAL_CONVERSION = YES;
				CLANG_WARN_OBJC_ROOT_CLASS = YES_ERROR;
				CLANG_WARN_QUOTED_INCLUDE_IN_FRAMEWORK_HEADER = YES;
				CLANG_WARN_RANGE_LOOP_ANALYSIS = YES;
				CLANG_WARN_STRICT_PROTOTYPES = YES;
				CLANG_WARN_SUSPICIOUS_MOVE = YES;
				CLANG_WARN_UNGUARDED_AVAILABILITY = YES_AGGRESSIVE;
				CLANG_WARN_UNREACHABLE_CODE = YES;
				CLANG_WARN__DUPLICATE_METHOD_MATCH = YES;
				COPY_PHASE_STRIP = NO;
				DEBUG_INFORMATION_FORMAT = dwarf;
				ENABLE_STRICT_OBJC_MSGSEND = YES;
				ENABLE_TESTABILITY = YES;
				ENABLE_USER_SCRIPT_SANDBOXING = YES;
				GCC_C_LANGUAGE_STANDARD = gnu17;
				GCC_DYNAMIC_NO_PIC = NO;
				GCC_NO_COMMON_BLOCKS = YES;
				GCC_OPTIMIZATION_LEVEL = 0;
				GCC_PREPROCESSOR_DEFINITIONS = (
					"DEBUG=1",
					"$(inherited)",
				);
				GCC_WARN_64_TO_32_BIT_CONVERSION = YES;
				GCC_WARN_ABOUT_RETURN_TYPE = YES_ERROR;
				GCC_WARN_UNDECLARED_SELECTOR = YES;
				GCC_WARN_UNINITIALIZED_AUTOS = YES_AGGRESSIVE;
				GCC_WARN_UNUSED_FUNCTION = YES;
				GCC_WARN_UNUSED_VARIABLE = YES;
				IPHONEOS_DEPLOYMENT_TARGET = 26.0;
				LOCALIZATION_PREFERS_STRING_CATALOGS = YES;
				MTL_ENABLE_DEBUG_INFO = INCLUDE_SOURCE;
				MTL_FAST_MATH = YES;
				ONLY_ACTIVE_ARCH = YES;
				SDKROOT = iphoneos;
				SWIFT_ACTIVE_COMPILATION_CONDITIONS = "DEBUG $(inherited)";
				SWIFT_OPTIMIZATION_LEVEL = "-Onone";
			};
			name = Debug;
		};
		D33ECFC92E8EF65D007C038B /* Release */ = {
			isa = XCBuildConfiguration;
			buildSettings = {
				ALWAYS_SEARCH_USER_PATHS = NO;
				ASSETCATALOG_COMPILER_GENERATE_SWIFT_ASSET_SYMBOL_EXTENSIONS = YES;
				CLANG_ANALYZER_NONNULL = YES;
				CLANG_ANALYZER_NUMBER_OBJECT_CONVERSION = YES_AGGRESSIVE;
				CLANG_CXX_LANGUAGE_STANDARD = "gnu++20";
				CLANG_ENABLE_MODULES = YES;
				CLANG_ENABLE_OBJC_ARC = YES;
				CLANG_ENABLE_OBJC_WEAK = YES;
				CLANG_WARN_BLOCK_CAPTURE_AUTORELEASING = YES;
				CLANG_WARN_BOOL_CONVERSION = YES;
				CLANG_WARN_COMMA = YES;
				CLANG_WARN_CONSTANT_CONVERSION = YES;
				CLANG_WARN_DEPRECATED_OBJC_IMPLEMENTATIONS = YES;
				CLANG_WARN_DIRECT_OBJC_ISA_USAGE = YES_ERROR;
				CLANG_WARN_DOCUMENTATION_COMMENTS = YES;
				CLANG_WARN_EMPTY_BODY = YES;
				CLANG_WARN_ENUM_CONVERSION = YES;
				CLANG_WARN_INFINITE_RECURSION = YES;
				CLANG_WARN_INT_CONVERSION = YES;
				CLANG_WARN_NON_LITERAL_NULL_CONVERSION = YES;
				CLANG_WARN_OBJC_IMPLICIT_RETAIN_SELF = YES;
				CLANG_WARN_OBJC_LITERAL_CONVERSION = YES;
				CLANG_WARN_OBJC_ROOT_CLASS = YES_ERROR;
				CLANG_WARN_QUOTED_INCLUDE_IN_FRAMEWORK_HEADER = YES;
				CLANG_WARN_RANGE_LOOP_ANALYSIS = YES;
				CLANG_WARN_STRICT_PROTOTYPES = YES;
				CLANG_WARN_SUSPICIOUS_MOVE = YES;
				CLANG_WARN_UNGUARDED_AVAILABILITY = YES_AGGRESSIVE;
				CLANG_WARN_UNREACHABLE_CODE = YES;
				CLANG_WARN__DUPLICATE_METHOD_MATCH = YES;
				COPY_PHASE_STRIP = NO;
				DEBUG_INFORMATION_FORMAT = "dwarf-with-dsym";
				ENABLE_NS_ASSERTIONS = NO;
				ENABLE_STRICT_OBJC_MSGSEND = YES;
				ENABLE_USER_SCRIPT_SANDBOXING = YES;
				GCC_C_LANGUAGE_STANDARD = gnu17;
				GCC_NO_COMMON_BLOCKS = YES;
				GCC_WARN_64_TO_32_BIT_CONVERSION = YES;
				GCC_WARN_ABOUT_RETURN_TYPE = YES_ERROR;
				GCC_WARN_UNDECLARED_SELECTOR = YES;
				GCC_WARN_UNINITIALIZED_AUTOS = YES_AGGRESSIVE;
				GCC_WARN_UNUSED_FUNCTION = YES;
				GCC_WARN_UNUSED_VARIABLE = YES;
				IPHONEOS_DEPLOYMENT_TARGET = 26.0;
				LOCALIZATION_PREFERS_STRING_CATALOGS = YES;
				MTL_ENABLE_DEBUG_INFO = NO;
				MTL_FAST_MATH = YES;
				SDKROOT = iphoneos;
				SWIFT_COMPILATION_MODE = wholemodule;
				VALIDATE_PRODUCT = YES;
			};
			name = Release;
		};
		D33ECFCB2E8EF65D007C038B /* Debug */ = {
			isa = XCBuildConfiguration;
			buildSettings = {
				ASSETCATALOG_COMPILER_APPICON_NAME = AppIcon;
				ASSETCATALOG_COMPILER_GLOBAL_ACCENT_COLOR_NAME = AccentColor;
				CLANG_ENABLE_MODULES = YES;
				CODE_SIGN_STYLE = Automatic;
				CURRENT_PROJECT_VERSION = 1;
				DEVELOPMENT_TEAM = QX65TQUA9U;
				ENABLE_PREVIEWS = YES;
				GENERATE_INFOPLIST_FILE = YES;
				INFOPLIST_FILE = "chatgpt-app-for-iphone-Info.plist";
				INFOPLIST_KEY_CFBundleDisplayName = "";
				INFOPLIST_KEY_LSApplicationCategoryType = "";
				INFOPLIST_KEY_NSCameraUsageDescription = "To capture and upload images to the chat.";
				INFOPLIST_KEY_NSMicrophoneUsageDescription = "for user to give voice promt ";
				INFOPLIST_KEY_NSPhotoLibraryAddUsageDescription = "to save the images into photos ";
				INFOPLIST_KEY_NSSpeechRecognitionUsageDescription = "To recognize user voice";
				INFOPLIST_KEY_UIApplicationSceneManifest_Generation = YES;
				INFOPLIST_KEY_UIApplicationSupportsIndirectInputEvents = YES;
				INFOPLIST_KEY_UILaunchScreen_Generation = YES;
				INFOPLIST_KEY_UISupportedInterfaceOrientations_iPad = "UIInterfaceOrientationPortrait UIInterfaceOrientationPortraitUpsideDown UIInterfaceOrientationLandscapeLeft UIInterfaceOrientationLandscapeRight";
				INFOPLIST_KEY_UISupportedInterfaceOrientations_iPhone = "UIInterfaceOrientationPortrait UIInterfaceOrientationLandscapeLeft UIInterfaceOrientationLandscapeRight";
				LD_RUNPATH_SEARCH_PATHS = (
					"$(inherited)",
					"@executable_path/Frameworks",
				);
				MARKETING_VERSION = 1.0;
				PRODUCT_BUNDLE_IDENTIFIER = "chat-gpt.chatgpt-app-for-iphone";
				PRODUCT_NAME = "$(TARGET_NAME)";
				STRING_CATALOG_GENERATE_SYMBOLS = YES;
				SWIFT_APPROACHABLE_CONCURRENCY = YES;
				SWIFT_DEFAULT_ACTOR_ISOLATION = MainActor;
				SWIFT_EMIT_LOC_STRINGS = YES;
				SWIFT_OBJC_BRIDGING_HEADER = "chatgpt app for iphone/chatgpt app for iphone-Bridging-Header.h";
				SWIFT_OPTIMIZATION_LEVEL = "-Onone";
				SWIFT_UPCOMING_FEATURE_MEMBER_IMPORT_VISIBILITY = YES;
				SWIFT_VERSION = 5.0;
				TARGETED_DEVICE_FAMILY = "1,2";
			};
			name = Debug;
		};
		D33ECFCC2E8EF65D007C038B /* Release */ = {
			isa = XCBuildConfiguration;
			buildSettings = {
				ASSETCATALOG_COMPILER_APPICON_NAME = AppIcon;
				ASSETCATALOG_COMPILER_GLOBAL_ACCENT_COLOR_NAME = AccentColor;
				CLANG_ENABLE_MODULES = YES;
				CODE_SIGN_STYLE = Automatic;
				CURRENT_PROJECT_VERSION = 1;
				DEVELOPMENT_TEAM = QX65TQUA9U;
				ENABLE_PREVIEWS = YES;
				GENERATE_INFOPLIST_FILE = YES;
				INFOPLIST_FILE = "chatgpt-app-for-iphone-Info.plist";
				INFOPLIST_KEY_CFBundleDisplayName = "";
				INFOPLIST_KEY_LSApplicationCategoryType = "";
				INFOPLIST_KEY_NSCameraUsageDescription = "To capture and upload images to the chat.";
				INFOPLIST_KEY_NSMicrophoneUsageDescription = "for user to give voice promt ";
				INFOPLIST_KEY_NSPhotoLibraryAddUsageDescription = "to save the images into photos ";
				INFOPLIST_KEY_NSSpeechRecognitionUsageDescription = "To recognize user voice";
				INFOPLIST_KEY_UIApplicationSceneManifest_Generation = YES;
				INFOPLIST_KEY_UIApplicationSupportsIndirectInputEvents = YES;
				INFOPLIST_KEY_UILaunchScreen_Generation = YES;
				INFOPLIST_KEY_UISupportedInterfaceOrientations_iPad = "UIInterfaceOrientationPortrait UIInterfaceOrientationPortraitUpsideDown UIInterfaceOrientationLandscapeLeft UIInterfaceOrientationLandscapeRight";
				INFOPLIST_KEY_UISupportedInterfaceOrientations_iPhone = "UIInterfaceOrientationPortrait UIInterfaceOrientationLandscapeLeft UIInterfaceOrientationLandscapeRight";
				LD_RUNPATH_SEARCH_PATHS = (
					"$(inherited)",
					"@executable_path/Frameworks",
				);
				MARKETING_VERSION = 1.0;
				PRODUCT_BUNDLE_IDENTIFIER = "chat-gpt.chatgpt-app-for-iphone";
				PRODUCT_NAME = "$(TARGET_NAME)";
				STRING_CATALOG_GENERATE_SYMBOLS = YES;
				SWIFT_APPROACHABLE_CONCURRENCY = YES;
				SWIFT_DEFAULT_ACTOR_ISOLATION = MainActor;
				SWIFT_EMIT_LOC_STRINGS = YES;
				SWIFT_OBJC_BRIDGING_HEADER = "chatgpt app for iphone/chatgpt app for iphone-Bridging-Header.h";
				SWIFT_UPCOMING_FEATURE_MEMBER_IMPORT_VISIBILITY = YES;
				SWIFT_VERSION = 5.0;
				TARGETED_DEVICE_FAMILY = "1,2";
			};
			name = Release;
		};
		D33ECFCE2E8EF65D007C038B /* Debug */ = {
			isa = XCBuildConfiguration;
			buildSettings = {
				BUNDLE_LOADER = "$(TEST_HOST)";
				"CODE_SIGN_IDENTITY[sdk=macosx*]" = "Apple Development";
				CODE_SIGN_STYLE = Automatic;
				CURRENT_PROJECT_VERSION = 1;
				GENERATE_INFOPLIST_FILE = YES;
				IPHONEOS_DEPLOYMENT_TARGET = 26.0;
				MARKETING_VERSION = 1.0;
				PRODUCT_BUNDLE_IDENTIFIER = "chat-gpt.chatgpt-app-for-iphoneTests";
				PRODUCT_NAME = "$(TARGET_NAME)";
				STRING_CATALOG_GENERATE_SYMBOLS = NO;
				SWIFT_APPROACHABLE_CONCURRENCY = YES;
				SWIFT_EMIT_LOC_STRINGS = NO;
				SWIFT_UPCOMING_FEATURE_MEMBER_IMPORT_VISIBILITY = YES;
				SWIFT_VERSION = 5.0;
				TARGETED_DEVICE_FAMILY = "1,2";
				TEST_HOST = "$(BUILT_PRODUCTS_DIR)/chatgpt app for iphone.app/$(BUNDLE_EXECUTABLE_FOLDER_PATH)/chatgpt app for iphone";
			};
			name = Debug;
		};
		D33ECFCF2E8EF65D007C038B /* Release */ = {
			isa = XCBuildConfiguration;
			buildSettings = {
				BUNDLE_LOADER = "$(TEST_HOST)";
				"CODE_SIGN_IDENTITY[sdk=macosx*]" = "Apple Development";
				CODE_SIGN_STYLE = Automatic;
				CURRENT_PROJECT_VERSION = 1;
				GENERATE_INFOPLIST_FILE = YES;
				IPHONEOS_DEPLOYMENT_TARGET = 26.0;
				MARKETING_VERSION = 1.0;
				PRODUCT_BUNDLE_IDENTIFIER = "chat-gpt.chatgpt-app-for-iphoneTests";
				PRODUCT_NAME = "$(TARGET_NAME)";
				STRING_CATALOG_GENERATE_SYMBOLS = NO;
				SWIFT_APPROACHABLE_CONCURRENCY = YES;
				SWIFT_EMIT_LOC_STRINGS = NO;
				SWIFT_UPCOMING_FEATURE_MEMBER_IMPORT_VISIBILITY = YES;
				SWIFT_VERSION = 5.0;
				TARGETED_DEVICE_FAMILY = "1,2";
				TEST_HOST = "$(BUILT_PRODUCTS_DIR)/chatgpt app for iphone.app/$(BUNDLE_EXECUTABLE_FOLDER_PATH)/chatgpt app for iphone";
			};
			name = Release;
		};
		D33ECFD12E8EF65D007C038B /* Debug */ = {
			isa = XCBuildConfiguration;
			buildSettings = {
				CODE_SIGN_STYLE = Automatic;
				CURRENT_PROJECT_VERSION = 1;
				GENERATE_INFOPLIST_FILE = YES;
				MARKETING_VERSION = 1.0;
				PRODUCT_BUNDLE_IDENTIFIER = "chat-gpt.chatgpt-app-for-iphoneUITests";
				PRODUCT_NAME = "$(TARGET_NAME)";
				STRING_CATALOG_GENERATE_SYMBOLS = NO;
				SWIFT_APPROACHABLE_CONCURRENCY = YES;
				SWIFT_EMIT_LOC_STRINGS = NO;
				SWIFT_UPCOMING_FEATURE_MEMBER_IMPORT_VISIBILITY = YES;
				SWIFT_VERSION = 5.0;
				TARGETED_DEVICE_FAMILY = "1,2";
				TEST_TARGET_NAME = "chatgpt app for iphone";
			};
			name = Debug;
		};
		D33ECFD22E8EF65D007C038B /* Release */ = {
			isa = XCBuildConfiguration;
			buildSettings = {
				CODE_SIGN_STYLE = Automatic;
				CURRENT_PROJECT_VERSION = 1;
				GENERATE_INFOPLIST_FILE = YES;
				MARKETING_VERSION = 1.0;
				PRODUCT_BUNDLE_IDENTIFIER = "chat-gpt.chatgpt-app-for-iphoneUITests";
				PRODUCT_NAME = "$(TARGET_NAME)";
				STRING_CATALOG_GENERATE_SYMBOLS = NO;
				SWIFT_APPROACHABLE_CONCURRENCY = YES;
				SWIFT_EMIT_LOC_STRINGS = NO;
				SWIFT_UPCOMING_FEATURE_MEMBER_IMPORT_VISIBILITY = YES;
				SWIFT_VERSION = 5.0;
				TARGETED_DEVICE_FAMILY = "1,2";
				TEST_TARGET_NAME = "chatgpt app for iphone";
			};
			name = Release;
		};
/* End XCBuildConfiguration section */

/* Begin XCConfigurationList section */
		D33ECFA42E8EF65C007C038B /* Build configuration list for PBXProject "chatgpt app for iphone" */ = {
			isa = XCConfigurationList;
			buildConfigurations = (
				D33ECFC82E8EF65D007C038B /* Debug */,
				D33ECFC92E8EF65D007C038B /* Release */,
			);
			defaultConfigurationIsVisible = 0;
			defaultConfigurationName = Release;
		};
		D33ECFCA2E8EF65D007C038B /* Build configuration list for PBXNativeTarget "chatgpt app for iphone" */ = {
			isa = XCConfigurationList;
			buildConfigurations = (
				D33ECFCB2E8EF65D007C038B /* Debug */,
				D33ECFCC2E8EF65D007C038B /* Release */,
			);
			defaultConfigurationIsVisible = 0;
			defaultConfigurationName = Release;
		};
		D33ECFCD2E8EF65D007C038B /* Build configuration list for PBXNativeTarget "chatgpt app for iphoneTests" */ = {
			isa = XCConfigurationList;
			buildConfigurations = (
				D33ECFCE2E8EF65D007C038B /* Debug */,
				D33ECFCF2E8EF65D007C038B /* Release */,
			);
			defaultConfigurationIsVisible = 0;
			defaultConfigurationName = Release;
		};
		D33ECFD02E8EF65D007C038B /* Build configuration list for PBXNativeTarget "chatgpt app for iphoneUITests" */ = {
			isa = XCConfigurationList;
			buildConfigurations = (
				D33ECFD12E8EF65D007C038B /* Debug */,
				D33ECFD22E8EF65D007C038B /* Release */,
			);
			defaultConfigurationIsVisible = 0;
			defaultConfigurationName = Release;
		};
/* End XCConfigurationList section */
	};
	rootObject = D33ECFA12E8EF65C007C038B /* Project object */;
}
